
Microsoft Visual Studio Solution File, Format Version 12.00
# Visual Studio Version 17
VisualStudioVersion = 17.7.33808.371
MinimumVisualStudioVersion = 10.0.40219.1
Project("{FAE04EC0-301F-11D3-BF4B-00C04F79EFBC}") = "Ex1", "Ex1.csproj", "{54329C57-9A51-4E1D-BCAA-4A85003C2B74}"
EndProject
Global
	GlobalSection(SolutionConfigurationPlatforms) = preSolution
		Debug|Any CPU = Debug|Any CPU
		Release|Any CPU = Release|Any CPU
	EndGlobalSection
	GlobalSection(ProjectConfigurationPlatforms) = postSolution
		{54329C57-9A51-4E1D-BCAA-4A85003C2B74}.Debug|Any CPU.ActiveCfg = Debug|Any CPU
		{54329C57-9A51-4E1D-BCAA-4A85003C2B74}.Debug|Any CPU.Build.0 = Debug|Any CPU
		{54329C57-9A51-4E1D-BCAA-4A85003C2B74}.Release|Any CPU.ActiveCfg = Release|Any CPU
		{54329C57-9A51-4E1D-BCAA-4A85003C2B74}.Release|Any CPU.Build.0 = Release|Any CPU
	EndGlobalSection
	GlobalSection(SolutionProperties) = preSolution
		HideSolutionNode = FALSE
	EndGlobalSection
	GlobalSection(ExtensibilityGlobals) = postSolution
		SolutionGuid = {703D92D4-6FAC-47D4-9A19-5DB819A63036}
	EndGlobalSection
EndGlobal
